
Microsoft Visual Studio Solution File, Format Version 12.00
# Visual Studio Version 16
VisualStudioVersion = 16.0.29609.76
MinimumVisualStudioVersion = 10.0.40219.1
Project("{FAE04EC0-301F-11D3-BF4B-00C04F79EFBC}") = "BLL", "BLL\BLL.csproj", "{E3A63E2C-B653-4DB4-AD22-921E8B1E140B}"
EndProject
Project("{FAE04EC0-301F-11D3-BF4B-00C04F79EFBC}") = "DAL", "DAL\DAL.csproj", "{2FC46407-35F4-4694-813D-1DC8EC584EC0}"
EndProject
Project("{FAE04EC0-301F-11D3-BF4B-00C04F79EFBC}") = "Entities", "DTO\Entities.csproj", "{49C6D54B-5E1C-40B1-8EBA-D6D7A839B316}"
EndProject
Project("{FAE04EC0-301F-11D3-BF4B-00C04F79EFBC}") = "UI", "UI\UI.csproj", "{F459D77F-0B12-484A-A582-E4E6B98282B0}"
EndProject
Project("{54435603-DBB4-11D2-8724-00A0C9A8B90C}") = "ClientDatabase", "ClientDatabase\ClientDatabase.vdproj", "{18CA6F8D-6E92-417D-B501-D8789B57A009}"
EndProject
Global
	GlobalSection(SolutionConfigurationPlatforms) = preSolution
		Debug|Any CPU = Debug|Any CPU
		Release|Any CPU = Release|Any CPU
	EndGlobalSection
	GlobalSection(ProjectConfigurationPlatforms) = postSolution
		{E3A63E2C-B653-4DB4-AD22-921E8B1E140B}.Debug|Any CPU.ActiveCfg = Debug|Any CPU
		{E3A63E2C-B653-4DB4-AD22-921E8B1E140B}.Debug|Any CPU.Build.0 = Debug|Any CPU
		{E3A63E2C-B653-4DB4-AD22-921E8B1E140B}.Release|Any CPU.ActiveCfg = Release|Any CPU
		{E3A63E2C-B653-4DB4-AD22-921E8B1E140B}.Release|Any CPU.Build.0 = Release|Any CPU
		{2FC46407-35F4-4694-813D-1DC8EC584EC0}.Debug|Any CPU.ActiveCfg = Debug|Any CPU
		{2FC46407-35F4-4694-813D-1DC8EC584EC0}.Debug|Any CPU.Build.0 = Debug|Any CPU
		{2FC46407-35F4-4694-813D-1DC8EC584EC0}.Release|Any CPU.ActiveCfg = Release|Any CPU
		{2FC46407-35F4-4694-813D-1DC8EC584EC0}.Release|Any CPU.Build.0 = Release|Any CPU
		{49C6D54B-5E1C-40B1-8EBA-D6D7A839B316}.Debug|Any CPU.ActiveCfg = Debug|Any CPU
		{49C6D54B-5E1C-40B1-8EBA-D6D7A839B316}.Debug|Any CPU.Build.0 = Debug|Any CPU
		{49C6D54B-5E1C-40B1-8EBA-D6D7A839B316}.Release|Any CPU.ActiveCfg = Release|Any CPU
		{49C6D54B-5E1C-40B1-8EBA-D6D7A839B316}.Release|Any CPU.Build.0 = Release|Any CPU
		{F459D77F-0B12-484A-A582-E4E6B98282B0}.Debug|Any CPU.ActiveCfg = Debug|Any CPU
		{F459D77F-0B12-484A-A582-E4E6B98282B0}.Debug|Any CPU.Build.0 = Debug|Any CPU
		{F459D77F-0B12-484A-A582-E4E6B98282B0}.Release|Any CPU.ActiveCfg = Release|Any CPU
		{F459D77F-0B12-484A-A582-E4E6B98282B0}.Release|Any CPU.Build.0 = Release|Any CPU
		{18CA6F8D-6E92-417D-B501-D8789B57A009}.Debug|Any CPU.ActiveCfg = Debug
		{18CA6F8D-6E92-417D-B501-D8789B57A009}.Release|Any CPU.ActiveCfg = Release
	EndGlobalSection
	GlobalSection(SolutionProperties) = preSolution
		HideSolutionNode = FALSE
	EndGlobalSection
	GlobalSection(ExtensibilityGlobals) = postSolution
		SolutionGuid = {DFEE513E-68DE-46F9-A575-1B7D9B79A750}
	EndGlobalSection
EndGlobal
